PODS:
  - LNImageCicleScrollView (0.1.0)

DEPENDENCIES:
  - LNImageCicleScrollView (from `../`)

EXTERNAL SOURCES:
  LNImageCicleScrollView:
    :path: "../"

SPEC CHECKSUMS:
  LNImageCicleScrollView: 4bbd849e7c09313c372df1adf730cabd12824c81

PODFILE CHECKSUM: df0a81c13b5b1946c483c3eee6a31b0694dffba1

COCOAPODS: 1.9.1
